
Microsoft Visual Studio Solution File, Format Version 12.00
# Visual Studio Version 17
VisualStudioVersion = 17.10.35013.160
MinimumVisualStudioVersion = 10.0.40219.1
Project("{FAE04EC0-301F-11D3-BF4B-00C04F79EFBC}") = "TiendaLibretasAPI", "TiendaLibretasAPI\TiendaLibretasAPI.csproj", "{B3C52E8D-C6BA-43F7-9A1A-B1CA8884CFAA}"
EndProject
Global
	GlobalSection(SolutionConfigurationPlatforms) = preSolution
		Debug|Any CPU = Debug|Any CPU
		Release|Any CPU = Release|Any CPU
	EndGlobalSection
	GlobalSection(ProjectConfigurationPlatforms) = postSolution
		{B3C52E8D-C6BA-43F7-9A1A-B1CA8884CFAA}.Debug|Any CPU.ActiveCfg = Debug|Any CPU
		{B3C52E8D-C6BA-43F7-9A1A-B1CA8884CFAA}.Debug|Any CPU.Build.0 = Debug|Any CPU
		{B3C52E8D-C6BA-43F7-9A1A-B1CA8884CFAA}.Release|Any CPU.ActiveCfg = Release|Any CPU
		{B3C52E8D-C6BA-43F7-9A1A-B1CA8884CFAA}.Release|Any CPU.Build.0 = Release|Any CPU
	EndGlobalSection
	GlobalSection(SolutionProperties) = preSolution
		HideSolutionNode = FALSE
	EndGlobalSection
	GlobalSection(ExtensibilityGlobals) = postSolution
		SolutionGuid = {6126481B-22F1-4F53-9E54-1A5C2DC6F40F}
	EndGlobalSection
EndGlobal
